Microsoft Visual Studio Solution File, Format Version 12.00
# Visual Studio Version 17
VisualStudioVersion = 17.5.2.0
MinimumVisualStudioVersion = 10.0.40219.1
Project("{FAE04EC0-301F-11D3-BF4B-00C04F79EFBC}") = "dotnet-project", "dotnet-project.csproj", "{85D1376A-FF37-67BE-5133-73CF4578FAFC}"
EndProject
Global
	GlobalSection(SolutionConfigurationPlatforms) = preSolution
		Debug|Any CPU = Debug|Any CPU
		Release|Any CPU = Release|Any CPU
	EndGlobalSection
	GlobalSection(ProjectConfigurationPlatforms) = postSolution
		{85D1376A-FF37-67BE-5133-73CF4578FAFC}.Debug|Any CPU.ActiveCfg = Debug|Any CPU
		{85D1376A-FF37-67BE-5133-73CF4578FAFC}.Debug|Any CPU.Build.0 = Debug|Any CPU
		{85D1376A-FF37-67BE-5133-73CF4578FAFC}.Release|Any CPU.ActiveCfg = Release|Any CPU
		{85D1376A-FF37-67BE-5133-73CF4578FAFC}.Release|Any CPU.Build.0 = Release|Any CPU
	EndGlobalSection
	GlobalSection(SolutionProperties) = preSolution
		HideSolutionNode = FALSE
	EndGlobalSection
	GlobalSection(ExtensibilityGlobals) = postSolution
		SolutionGuid = {5C67097B-DE2C-4FF5-866B-A1A179532AC7}
	EndGlobalSection
EndGlobal
